
Microsoft Visual Studio Solution File, Format Version 12.00
# Visual Studio Version 16
VisualStudioVersion = 16.0.30114.105
MinimumVisualStudioVersion = 10.0.40219.1
Project("{F2A71F9B-5D33-465A-A702-920D77279786}") = "Absolutejam.Config", "Absolutejam.Config.fsproj", "{397B2F8A-1B18-439A-96C2-0C8AFF111AD2}"
EndProject
Project("{F2A71F9B-5D33-465A-A702-920D77279786}") = "Absolutejam.Config.Tests", "tests\Absolutejam.Config.Tests.fsproj", "{23914C21-5433-490F-A794-CECE4A40761A}"
EndProject
Global
	GlobalSection(SolutionConfigurationPlatforms) = preSolution
		Debug|Any CPU = Debug|Any CPU
		Release|Any CPU = Release|Any CPU
	EndGlobalSection
	GlobalSection(SolutionProperties) = preSolution
		HideSolutionNode = FALSE
	EndGlobalSection
	GlobalSection(ProjectConfigurationPlatforms) = postSolution
		{397B2F8A-1B18-439A-96C2-0C8AFF111AD2}.Debug|Any CPU.ActiveCfg = Debug|Any CPU
		{397B2F8A-1B18-439A-96C2-0C8AFF111AD2}.Debug|Any CPU.Build.0 = Debug|Any CPU
		{397B2F8A-1B18-439A-96C2-0C8AFF111AD2}.Release|Any CPU.ActiveCfg = Release|Any CPU
		{397B2F8A-1B18-439A-96C2-0C8AFF111AD2}.Release|Any CPU.Build.0 = Release|Any CPU
		{23914C21-5433-490F-A794-CECE4A40761A}.Debug|Any CPU.ActiveCfg = Debug|Any CPU
		{23914C21-5433-490F-A794-CECE4A40761A}.Debug|Any CPU.Build.0 = Debug|Any CPU
		{23914C21-5433-490F-A794-CECE4A40761A}.Release|Any CPU.ActiveCfg = Release|Any CPU
		{23914C21-5433-490F-A794-CECE4A40761A}.Release|Any CPU.Build.0 = Release|Any CPU
	EndGlobalSection
EndGlobal
